// !$*UTF8*$!
{
	archiveVersion = 1;
	classes = {
	};
	objectVersion = 46;
	objects = {

/* Begin PBXBuildFile section */
		6E76E735193DE39500776C0A /* main.m in Sources */ = {isa = PBXBuildFile; fileRef = 6E76E734193DE39500776C0A /* main.m */; };
		6E76E738193DE39500776C0A /* AppDelegate.m in Sources */ = {isa = PBXBuildFile; fileRef = 6E76E737193DE39500776C0A /* AppDelegate.m */; };
		6E76E73B193DE39500776C0A /* ViewController.m in Sources */ = {isa = PBXBuildFile; fileRef = 6E76E73A193DE39500776C0A /* ViewController.m */; };
		6E76E73E193DE39500776C0A /* Main.storyboard in Resources */ = {isa = PBXBuildFile; fileRef = 6E76E73C193DE39500776C0A /* Main.storyboard */; };
		6E76E740193DE39500776C0A /* Images.xcassets in Resources */ = {isa = PBXBuildFile; fileRef = 6E76E73F193DE39500776C0A /* Images.xcassets */; };
		6E76E74C193DE39500776C0A /* MixObjCSwiftTests.m in Sources */ = {isa = PBXBuildFile; fileRef = 6E76E74B193DE39500776C0A /* MixObjCSwiftTests.m */; };
		6E76E757193DE3A700776C0A /* Utils.swift in Sources */ = {isa = PBXBuildFile; fileRef = 6E76E756193DE3A700776C0A /* Utils.swift */; };
/* End PBXBuildFile section */

/* Begin PBXContainerItemProxy section */
		6E76E746193DE39500776C0A /* PBXContainerItemProxy */ = {
			isa = PBXContainerItemProxy;
			containerPortal = 6E76E727193DE39500776C0A /* Project object */;
			proxyType = 1;
			remoteGlobalIDString = 6E76E72E193DE39500776C0A;
			remoteInfo = MixObjCSwift;
		};
/* End PBXContainerItemProxy section */

/* Begin PBXFileReference section */
		6E76E72F193DE39500776C0A /* MixObjCSwift.app */ = {isa = PBXFileReference; explicitFileType = wrapper.application; includeInIndex = 0; path = MixObjCSwift.app; sourceTree = BUILT_PRODUCTS_DIR; };
		6E76E733193DE39500776C0A /* Info.plist */ = {isa = PBXFileReference; lastKnownFileType = text.plist.xml; path = Info.plist; sourceTree = "<group>"; };
		6E76E734193DE39500776C0A /* main.m */ = {isa = PBXFileReference; lastKnownFileType = sourcecode.c.objc; path = main.m; sourceTree = "<group>"; };
		6E76E736193DE39500776C0A /* AppDelegate.h */ = {isa = PBXFileReference; lastKnownFileType = sourcecode.c.h; path = AppDelegate.h; sourceTree = "<group>"; };
		6E76E737193DE39500776C0A /* AppDelegate.m */ = {isa = PBXFileReference; lastKnownFileType = sourcecode.c.objc; path = AppDelegate.m; sourceTree = "<group>"; };
		6E76E739193DE39500776C0A /* ViewController.h */ = {isa = PBXFileReference; lastKnownFileType = sourcecode.c.h; path = ViewController.h; sourceTree = "<group>"; };
		6E76E73A193DE39500776C0A /* ViewController.m */ = {isa = PBXFileReference; lastKnownFileType = sourcecode.c.objc; path = ViewController.m; sourceTree = "<group>"; };
		6E76E73D193DE39500776C0A /* Base */ = {isa = PBXFileReference; lastKnownFileType = file.storyboard; name = Base; path = Base.lproj/Main.storyboard; sourceTree = "<group>"; };
		6E76E73F193DE39500776C0A /* Images.xcassets */ = {isa = PBXFileReference; lastKnownFileType = folder.assetcatalog; path = Images.xcassets; sourceTree = "<group>"; };
		6E76E745193DE39500776C0A /* MixObjCSwiftTests.xctest */ = {isa = PBXFileReference; explicitFileType = wrapper.cfbundle; includeInIndex = 0; path = MixObjCSwiftTests.xctest; sourceTree = BUILT_PRODUCTS_DIR; };
		6E76E74A193DE39500776C0A /* Info.plist */ = {isa = PBXFileReference; lastKnownFileType = text.plist.xml; path = Info.plist; sourceTree = "<group>"; };
		6E76E74B193DE39500776C0A /* MixObjCSwiftTests.m */ = {isa = PBXFileReference; lastKnownFileType = sourcecode.c.objc; path = MixObjCSwiftTests.m; sourceTree = "<group>"; };
		6E76E755193DE3A700776C0A /* MixObjCSwift-Bridging-Header.h */ = {isa = PBXFileReference; lastKnownFileType = sourcecode.c.h; path = "MixObjCSwift-Bridging-Header.h"; sourceTree = "<group>"; };
		6E76E756193DE3A700776C0A /* Utils.swift */ = {isa = PBXFileReference; fileEncoding = 4; lastKnownFileType = sourcecode.swift; path = Utils.swift; sourceTree = "<group>"; };
/* End PBXFileReference section */

/* Begin PBXFrameworksBuildPhase section */
		6E76E72C193DE39500776C0A /* Frameworks */ = {
			isa = PBXFrameworksBuildPhase;
			buildActionMask = 2147483647;
			files = (
			);
			runOnlyForDeploymentPostprocessing = 0;
		};
		6E76E742193DE39500776C0A /* Frameworks */ = {
			isa = PBXFrameworksBuildPhase;
			buildActionMask = 2147483647;
			files = (
			);
			runOnlyForDeploymentPostprocessing = 0;
		};
/* End PBXFrameworksBuildPhase section */

/* Begin PBXGroup section */
		6E76E726193DE39500776C0A = {
			isa = PBXGroup;
			children = (
				6E76E731193DE39500776C0A /* MixObjCSwift */,
				6E76E748193DE39500776C0A /* MixObjCSwiftTests */,
				6E76E730193DE39500776C0A /* Products */,
			);
			sourceTree = "<group>";
		};
		6E76E730193DE39500776C0A /* Products */ = {
			isa = PBXGroup;
			children = (
				6E76E72F193DE39500776C0A /* MixObjCSwift.app */,
				6E76E745193DE39500776C0A /* MixObjCSwiftTests.xctest */,
			);
			name = Products;
			sourceTree = "<group>";
		};
		6E76E731193DE39500776C0A /* MixObjCSwift */ = {
			isa = PBXGroup;
			children = (
				6E76E736193DE39500776C0A /* AppDelegate.h */,
				6E76E737193DE39500776C0A /* AppDelegate.m */,
				6E76E739193DE39500776C0A /* ViewController.h */,
				6E76E73A193DE39500776C0A /* ViewController.m */,
				6E76E73C193DE39500776C0A /* Main.storyboard */,
				6E76E73F193DE39500776C0A /* Images.xcassets */,
				6E76E732193DE39500776C0A /* Supporting Files */,
				6E76E756193DE3A700776C0A /* Utils.swift */,
				6E76E755193DE3A700776C0A /* MixObjCSwift-Bridging-Header.h */,
			);
			path = MixObjCSwift;
			sourceTree = "<group>";
		};
		6E76E732193DE39500776C0A /* Supporting Files */ = {
			isa = PBXGroup;
			children = (
				6E76E733193DE39500776C0A /* Info.plist */,
				6E76E734193DE39500776C0A /* main.m */,
			);
			name = "Supporting Files";
			sourceTree = "<group>";
		};
		6E76E748193DE39500776C0A /* MixObjCSwiftTests */ = {
			isa = PBXGroup;
			children = (
				6E76E74B193DE39500776C0A /* MixObjCSwiftTests.m */,
				6E76E749193DE39500776C0A /* Supporting Files */,
			);
			path = MixObjCSwiftTests;
			sourceTree = "<group>";
		};
		6E76E749193DE39500776C0A /* Supporting Files */ = {
			isa = PBXGroup;
			children = (
				6E76E74A193DE39500776C0A /* Info.plist */,
			);
			name = "Supporting Files";
			sourceTree = "<group>";
		};
/* End PBXGroup section */

/* Begin PBXNativeTarget section */
		6E76E72E193DE39500776C0A /* MixObjCSwift */ = {
			isa = PBXNativeTarget;
			buildConfigurationList = 6E76E74F193DE39500776C0A /* Build configuration list for PBXNativeTarget "MixObjCSwift" */;
			buildPhases = (
				6E76E72B193DE39500776C0A /* Sources */,
				6E76E72C193DE39500776C0A /* Frameworks */,
				6E76E72D193DE39500776C0A /* Resources */,
			);
			buildRules = (
			);
			dependencies = (
			);
			name = MixObjCSwift;
			productName = MixObjCSwift;
			productReference = 6E76E72F193DE39500776C0A /* MixObjCSwift.app */;
			productType = "com.apple.product-type.application";
		};
		6E76E744193DE39500776C0A /* MixObjCSwiftTests */ = {
			isa = PBXNativeTarget;
			buildConfigurationList = 6E76E752193DE39500776C0A /* Build configuration list for PBXNativeTarget "MixObjCSwiftTests" */;
			buildPhases = (
				6E76E741193DE39500776C0A /* Sources */,
				6E76E742193DE39500776C0A /* Frameworks */,
				6E76E743193DE39500776C0A /* Resources */,
			);
			buildRules = (
			);
			dependencies = (
				6E76E747193DE39500776C0A /* PBXTargetDependency */,
			);
			name = MixObjCSwiftTests;
			productName = MixObjCSwiftTests;
			productReference = 6E76E745193DE39500776C0A /* MixObjCSwiftTests.xctest */;
			productType = "com.apple.product-type.bundle.unit-test";
		};
/* End PBXNativeTarget section */

/* Begin PBXProject section */
		6E76E727193DE39500776C0A /* Project object */ = {
			isa = PBXProject;
			attributes = {
				LastUpgradeCheck = 0600;
				ORGANIZATIONNAME = Pablo;
				TargetAttributes = {
					6E76E72E193DE39500776C0A = {
						CreatedOnToolsVersion = 6.0;
					};
					6E76E744193DE39500776C0A = {
						CreatedOnToolsVersion = 6.0;
						TestTargetID = 6E76E72E193DE39500776C0A;
					};
				};
			};
			buildConfigurationList = 6E76E72A193DE39500776C0A /* Build configuration list for PBXProject "MixObjCSwift" */;
			compatibilityVersion = "Xcode 3.2";
			developmentRegion = English;
			hasScannedForEncodings = 0;
			knownRegions = (
				en,
				Base,
			);
			mainGroup = 6E76E726193DE39500776C0A;
			productRefGroup = 6E76E730193DE39500776C0A /* Products */;
			projectDirPath = "";
			projectRoot = "";
			targets = (
				6E76E72E193DE39500776C0A /* MixObjCSwift */,
				6E76E744193DE39500776C0A /* MixObjCSwiftTests */,
			);
		};
/* End PBXProject section */

/* Begin PBXResourcesBuildPhase section */
		6E76E72D193DE39500776C0A /* Resources */ = {
			isa = PBXResourcesBuildPhase;
			buildActionMask = 2147483647;
			files = (
				6E76E73E193DE39500776C0A /* Main.storyboard in Resources */,
				6E76E740193DE39500776C0A /* Images.xcassets in Resources */,
			);
			runOnlyForDeploymentPostprocessing = 0;
		};
		6E76E743193DE39500776C0A /* Resources */ = {
			isa = PBXResourcesBuildPhase;
			buildActionMask = 2147483647;
			files = (
			);
			runOnlyForDeploymentPostprocessing = 0;
		};
/* End PBXResourcesBuildPhase section */

/* Begin PBXSourcesBuildPhase section */
		6E76E72B193DE39500776C0A /* Sources */ = {
			isa = PBXSourcesBuildPhase;
			buildActionMask = 2147483647;
			files = (
				6E76E73B193DE39500776C0A /* ViewController.m in Sources */,
				6E76E738193DE39500776C0A /* AppDelegate.m in Sources */,
				6E76E735193DE39500776C0A /* main.m in Sources */,
				6E76E757193DE3A700776C0A /* Utils.swift in Sources */,
			);
			runOnlyForDeploymentPostprocessing = 0;
		};
		6E76E741193DE39500776C0A /* Sources */ = {
			isa = PBXSourcesBuildPhase;
			buildActionMask = 2147483647;
			files = (
				6E76E74C193DE39500776C0A /* MixObjCSwiftTests.m in Sources */,
			);
			runOnlyForDeploymentPostprocessing = 0;
		};
/* End PBXSourcesBuildPhase section */

/* Begin PBXTargetDependency section */
		6E76E747193DE39500776C0A /* PBXTargetDependency */ = {
			isa = PBXTargetDependency;
			target = 6E76E72E193DE39500776C0A /* MixObjCSwift */;
			targetProxy = 6E76E746193DE39500776C0A /* PBXContainerItemProxy */;
		};
/* End PBXTargetDependency section */

/* Begin PBXVariantGroup section */
		6E76E73C193DE39500776C0A /* Main.storyboard */ = {
			isa = PBXVariantGroup;
			children = (
				6E76E73D193DE39500776C0A /* Base */,
			);
			name = Main.storyboard;
			sourceTree = "<group>";
		};
/* End PBXVariantGroup section */

/* Begin XCBuildConfiguration section */
		6E76E74D193DE39500776C0A /* Debug */ = {
			isa = XCBuildConfiguration;
			buildSettings = {
				ALWAYS_SEARCH_USER_PATHS = NO;
				CLANG_CXX_LANGUAGE_STANDARD = "gnu++0x";
				CLANG_CXX_LIBRARY = "libc++";
				CLANG_ENABLE_MODULES = YES;
				CLANG_ENABLE_OBJC_ARC = YES;
				CLANG_WARN_BOOL_CONVERSION = YES;
				CLANG_WARN_CONSTANT_CONVERSION = YES;
				CLANG_WARN_DIRECT_OBJC_ISA_USAGE = YES_ERROR;
				CLANG_WARN_EMPTY_BODY = YES;
				CLANG_WARN_ENUM_CONVERSION = YES;
				CLANG_WARN_INT_CONVERSION = YES;
				CLANG_WARN_OBJC_ROOT_CLASS = YES_ERROR;
				CLANG_WARN_UNREACHABLE_CODE = YES;
				CLANG_WARN__DUPLICATE_METHOD_MATCH = YES;
				"CODE_SIGN_IDENTITY[sdk=iphoneos*]" = "iPhone Developer";
				COPY_PHASE_STRIP = NO;
				ENABLE_STRICT_OBJC_MSGSEND = YES;
				GCC_C_LANGUAGE_STANDARD = gnu99;
				GCC_DYNAMIC_NO_PIC = NO;
				GCC_OPTIMIZATION_LEVEL = 0;
				GCC_PREPROCESSOR_DEFINITIONS = (
					"DEBUG=1",
					"$(inherited)",
				);
				GCC_SYMBOLS_PRIVATE_EXTERN = NO;
				GCC_WARN_64_TO_32_BIT_CONVERSION = YES;
				GCC_WARN_ABOUT_RETURN_TYPE = YES_ERROR;
				GCC_WARN_UNDECLARED_SELECTOR = YES;
				GCC_WARN_UNINITIALIZED_AUTOS = YES_AGGRESSIVE;
				GCC_WARN_UNUSED_FUNCTION = YES;
				GCC_WARN_UNUSED_VARIABLE = YES;
				IPHONEOS_DEPLOYMENT_TARGET = 8.0;
				METAL_ENABLE_DEBUG_INFO = YES;
				ONLY_ACTIVE_ARCH = YES;
				SDKROOT = iphoneos;
			};
			name = Debug;
		};
		6E76E74E193DE39500776C0A /* Release */ = {
			isa = XCBuildConfiguration;
			buildSettings = {
				ALWAYS_SEARCH_USER_PATHS = NO;
				CLANG_CXX_LANGUAGE_STANDARD = "gnu++0x";
				CLANG_CXX_LIBRARY = "libc++";
				CLANG_ENABLE_MODULES = YES;
				CLANG_ENABLE_OBJC_ARC = YES;
				CLANG_WARN_BOOL_CONVERSION = YES;
				CLANG_WARN_CONSTANT_CONVERSION = YES;
				CLANG_WARN_DIRECT_OBJC_ISA_USAGE = YES_ERROR;
				CLANG_WARN_EMPTY_BODY = YES;
				CLANG_WARN_ENUM_CONVERSION = YES;
				CLANG_WARN_INT_CONVERSION = YES;
				CLANG_WARN_OBJC_ROOT_CLASS = YES_ERROR;
				CLANG_WARN_UNREACHABLE_CODE = YES;
				CLANG_WARN__DUPLICATE_METHOD_MATCH = YES;
				"CODE_SIGN_IDENTITY[sdk=iphoneos*]" = "iPhone Developer";
				COPY_PHASE_STRIP = YES;
				ENABLE_NS_ASSERTIONS = NO;
				ENABLE_STRICT_OBJC_MSGSEND = YES;
				GCC_C_LANGUAGE_STANDARD = gnu99;
				GCC_WARN_64_TO_32_BIT_CONVERSION = YES;
				GCC_WARN_ABOUT_RETURN_TYPE = YES_ERROR;
				GCC_WARN_UNDECLARED_SELECTOR = YES;
				GCC_WARN_UNINITIALIZED_AUTOS = YES_AGGRESSIVE;
				GCC_WARN_UNUSED_FUNCTION = YES;
				GCC_WARN_UNUSED_VARIABLE = YES;
				IPHONEOS_DEPLOYMENT_TARGET = 8.0;
				METAL_ENABLE_DEBUG_INFO = NO;
				SDKROOT = iphoneos;
				VALIDATE_PRODUCT = YES;
			};
			name = Release;
		};
		6E76E750193DE39500776C0A /* Debug */ = {
			isa = XCBuildConfiguration;
			buildSettings = {
				ASSETCATALOG_COMPILER_APPICON_NAME = AppIcon;
				ASSETCATALOG_COMPILER_LAUNCHIMAGE_NAME = LaunchImage;
				CLANG_ENABLE_MODULES = YES;
				INFOPLIST_FILE = MixObjCSwift/Info.plist;
				LD_RUNPATH_SEARCH_PATHS = "$(inherited) @executable_path/Frameworks";
				PRODUCT_NAME = "$(TARGET_NAME)";
				SWIFT_OBJC_BRIDGING_HEADER = "MixObjCSwift/MixObjCSwift-Bridging-Header.h";
				SWIFT_OPTIMIZATION_LEVEL = "-Onone";
			};
			name = Debug;
		};
		6E76E751193DE39500776C0A /* Release */ = {
			isa = XCBuildConfiguration;
			buildSettings = {
				ASSETCATALOG_COMPILER_APPICON_NAME = AppIcon;
				ASSETCATALOG_COMPILER_LAUNCHIMAGE_NAME = LaunchImage;
				CLANG_ENABLE_MODULES = YES;
				INFOPLIST_FILE = MixObjCSwift/Info.plist;
				LD_RUNPATH_SEARCH_PATHS = "$(inherited) @executable_path/Frameworks";
				PRODUCT_NAME = "$(TARGET_NAME)";
				SWIFT_OBJC_BRIDGING_HEADER = "MixObjCSwift/MixObjCSwift-Bridging-Header.h";
			};
			name = Release;
		};
		6E76E753193DE39500776C0A /* Debug */ = {
			isa = XCBuildConfiguration;
			buildSettings = {
				BUNDLE_LOADER = "$(BUILT_PRODUCTS_DIR)/MixObjCSwift.app/MixObjCSwift";
				FRAMEWORK_SEARCH_PATHS = (
					"$(SDKROOT)/Developer/Library/Frameworks",
					"$(inherited)",
				);
				GCC_PREPROCESSOR_DEFINITIONS = (
					"DEBUG=1",
					"$(inherited)",
				);
				INFOPLIST_FILE = MixObjCSwiftTests/Info.plist;
				LD_RUNPATH_SEARCH_PATHS = "$(inherited) @executable_path/Frameworks @loader_path/Frameworks";
				METAL_ENABLE_DEBUG_INFO = YES;
				PRODUCT_NAME = "$(TARGET_NAME)";
				TEST_HOST = "$(BUNDLE_LOADER)";
			};
			name = Debug;
		};
		6E76E754193DE39500776C0A /* Release */ = {
			isa = XCBuildConfiguration;
			buildSettings = {
				BUNDLE_LOADER = "$(BUILT_PRODUCTS_DIR)/MixObjCSwift.app/MixObjCSwift";
				FRAMEWORK_SEARCH_PATHS = (
					"$(SDKROOT)/Developer/Library/Frameworks",
					"$(inherited)",
				);
				INFOPLIST_FILE = MixObjCSwiftTests/Info.plist;
				LD_RUNPATH_SEARCH_PATHS = "$(inherited) @executable_path/Frameworks @loader_path/Frameworks";
				METAL_ENABLE_DEBUG_INFO = NO;
				PRODUCT_NAME = "$(TARGET_NAME)";
				TEST_HOST = "$(BUNDLE_LOADER)";
			};
			name = Release;
		};
/* End XCBuildConfiguration section */

/* Begin XCConfigurationList section */
		6E76E72A193DE39500776C0A /* Build configuration list for PBXProject "MixObjCSwift" */ = {
			isa = XCConfigurationList;
			buildConfigurations = (
				6E76E74D193DE39500776C0A /* Debug */,
				6E76E74E193DE39500776C0A /* Release */,
			);
			defaultConfigurationIsVisible = 0;
			defaultConfigurationName = Release;
		};
		6E76E74F193DE39500776C0A /* Build configuration list for PBXNativeTarget "MixObjCSwift" */ = {
			isa = XCConfigurationList;
			buildConfigurations = (
				6E76E750193DE39500776C0A /* Debug */,
				6E76E751193DE39500776C0A /* Release */,
			);
			defaultConfigurationIsVisible = 0;
		};
		6E76E752193DE39500776C0A /* Build configuration list for PBXNativeTarget "MixObjCSwiftTests" */ = {
			isa = XCConfigurationList;
			buildConfigurations = (
				6E76E753193DE39500776C0A /* Debug */,
				6E76E754193DE39500776C0A /* Release */,
			);
			defaultConfigurationIsVisible = 0;
		};
/* End XCConfigurationList section */
	};
	rootObject = 6E76E727193DE39500776C0A /* Project object */;
}
